
Microsoft Visual Studio Solution File, Format Version 12.00
# Visual Studio Version 17
VisualStudioVersion = 17.2.32602.215
MinimumVisualStudioVersion = 10.0.40219.1
Project("{9A19103F-16F7-4668-BE54-9A1E7A4F7556}") = "TeoGarden.Data", "TeoGarden.Data\TeoGarden.Data.csproj", "{3A5CF472-C134-48A3-A991-9C15408DD3A7}"
EndProject
Project("{9A19103F-16F7-4668-BE54-9A1E7A4F7556}") = "TeoGarden.BackendApi", "TeoGarden.BackendApi\TeoGarden.BackendApi.csproj", "{E871BA24-0802-465E-9DE3-2A9CFB21DA91}"
EndProject
Project("{FAE04EC0-301F-11D3-BF4B-00C04F79EFBC}") = "TeoGarden.Application", "TeoGarden.Application\TeoGarden.Application.csproj", "{C4FC6FC9-BD5B-43BB-A706-5B1A0A6A79B3}"
EndProject
Project("{FAE04EC0-301F-11D3-BF4B-00C04F79EFBC}") = "TeoGarden.ShareModel", "TeoGarden.ShareModel\TeoGarden.ShareModel.csproj", "{09EB1833-53A7-495C-BAD4-CDADF383D3A4}"
EndProject
Global
	GlobalSection(SolutionConfigurationPlatforms) = preSolution
		Debug|Any CPU = Debug|Any CPU
		Release|Any CPU = Release|Any CPU
	EndGlobalSection
	GlobalSection(ProjectConfigurationPlatforms) = postSolution
		{3A5CF472-C134-48A3-A991-9C15408DD3A7}.Debug|Any CPU.ActiveCfg = Debug|Any CPU
		{3A5CF472-C134-48A3-A991-9C15408DD3A7}.Debug|Any CPU.Build.0 = Debug|Any CPU
		{3A5CF472-C134-48A3-A991-9C15408DD3A7}.Release|Any CPU.ActiveCfg = Release|Any CPU
		{3A5CF472-C134-48A3-A991-9C15408DD3A7}.Release|Any CPU.Build.0 = Release|Any CPU
		{E871BA24-0802-465E-9DE3-2A9CFB21DA91}.Debug|Any CPU.ActiveCfg = Debug|Any CPU
		{E871BA24-0802-465E-9DE3-2A9CFB21DA91}.Debug|Any CPU.Build.0 = Debug|Any CPU
		{E871BA24-0802-465E-9DE3-2A9CFB21DA91}.Release|Any CPU.ActiveCfg = Release|Any CPU
		{E871BA24-0802-465E-9DE3-2A9CFB21DA91}.Release|Any CPU.Build.0 = Release|Any CPU
		{C4FC6FC9-BD5B-43BB-A706-5B1A0A6A79B3}.Debug|Any CPU.ActiveCfg = Debug|Any CPU
		{C4FC6FC9-BD5B-43BB-A706-5B1A0A6A79B3}.Debug|Any CPU.Build.0 = Debug|Any CPU
		{C4FC6FC9-BD5B-43BB-A706-5B1A0A6A79B3}.Release|Any CPU.ActiveCfg = Release|Any CPU
		{C4FC6FC9-BD5B-43BB-A706-5B1A0A6A79B3}.Release|Any CPU.Build.0 = Release|Any CPU
		{09EB1833-53A7-495C-BAD4-CDADF383D3A4}.Debug|Any CPU.ActiveCfg = Debug|Any CPU
		{09EB1833-53A7-495C-BAD4-CDADF383D3A4}.Debug|Any CPU.Build.0 = Debug|Any CPU
		{09EB1833-53A7-495C-BAD4-CDADF383D3A4}.Release|Any CPU.ActiveCfg = Release|Any CPU
		{09EB1833-53A7-495C-BAD4-CDADF383D3A4}.Release|Any CPU.Build.0 = Release|Any CPU
	EndGlobalSection
	GlobalSection(SolutionProperties) = preSolution
		HideSolutionNode = FALSE
	EndGlobalSection
	GlobalSection(ExtensibilityGlobals) = postSolution
		SolutionGuid = {5624FA15-5B20-4520-93FD-1B1D43816C53}
	EndGlobalSection
EndGlobal
